PODS:
  - Flutter (1.0.0)
  - flutter_local_notifications (0.0.1):
    - Flutter
  - flutter_localization (0.0.1):
    - Flutter
  - flutter_secure_storage (3.3.1):
    - Flutter
  - libphonenumber_plugin (0.0.1):
    - Flutter
    - PhoneNumberKit
  - path_provider_foundation (0.0.1):
    - Flutter
    - FlutterMacOS
  - permission_handler_apple (9.3.0):
    - Flutter
  - PhoneNumberKit (4.0.1):
    - PhoneNumberKit/PhoneNumberKitCore (= 4.0.1)
    - PhoneNumberKit/UIKit (= 4.0.1)
  - PhoneNumberKit/PhoneNumberKitCore (4.0.1)
  - PhoneNumberKit/UIKit (4.0.1):
    - PhoneNumberKit/PhoneNumberKitCore
  - shared_preferences_foundation (0.0.1):
    - Flutter
    - FlutterMacOS
  - sqflite_darwin (0.0.4):
    - Flutter
    - FlutterMacOS
  - url_launcher_ios (0.0.1):
    - Flutter

DEPENDENCIES:
  - Flutter (from `Flutter`)
  - flutter_local_notifications (from `.symlinks/plugins/flutter_local_notifications/ios`)
  - flutter_localization (from `.symlinks/plugins/flutter_localization/ios`)
  - flutter_secure_storage (from `.symlinks/plugins/flutter_secure_storage/ios`)
  - libphonenumber_plugin (from `.symlinks/plugins/libphonenumber_plugin/ios`)
  - path_provider_foundation (from `.symlinks/plugins/path_provider_foundation/darwin`)
  - permission_handler_apple (from `.symlinks/plugins/permission_handler_apple/ios`)
  - PhoneNumberKit
  - shared_preferences_foundation (from `.symlinks/plugins/shared_preferences_foundation/darwin`)
  - sqflite_darwin (from `.symlinks/plugins/sqflite_darwin/darwin`)
  - url_launcher_ios (from `.symlinks/plugins/url_launcher_ios/ios`)

SPEC REPOS:
  trunk:
    - PhoneNumberKit

EXTERNAL SOURCES:
  Flutter:
    :path: Flutter
  flutter_local_notifications:
    :path: ".symlinks/plugins/flutter_local_notifications/ios"
  flutter_localization:
    :path: ".symlinks/plugins/flutter_localization/ios"
  flutter_secure_storage:
    :path: ".symlinks/plugins/flutter_secure_storage/ios"
  libphonenumber_plugin:
    :path: ".symlinks/plugins/libphonenumber_plugin/ios"
  path_provider_foundation:
    :path: ".symlinks/plugins/path_provider_foundation/darwin"
  permission_handler_apple:
    :path: ".symlinks/plugins/permission_handler_apple/ios"
  shared_preferences_foundation:
    :path: ".symlinks/plugins/shared_preferences_foundation/darwin"
  sqflite_darwin:
    :path: ".symlinks/plugins/sqflite_darwin/darwin"
  url_launcher_ios:
    :path: ".symlinks/plugins/url_launcher_ios/ios"

SPEC CHECKSUMS:
  Flutter: e0871f40cf51350855a761d2e70bf5af5b9b5de7
  flutter_local_notifications: df98d66e515e1ca797af436137b4459b160ad8c9
  flutter_localization: f43b18844a2b3d2c71fd64f04ffd6b1e64dd54d4
  flutter_secure_storage: 7953c38a04c3fdbb00571bcd87d8e3b5ceb9daec
  libphonenumber_plugin: 48bf4078546377eedaab4aa54978cd0f6fa23072
  path_provider_foundation: 2b6b4c569c0fb62ec74538f866245ac84301af46
  permission_handler_apple: 9878588469a2b0d0fc1e048d9f43605f92e6cec2
  PhoneNumberKit: a74155066daa6450475f6a029068eb919fb00d5d
  shared_preferences_foundation: fcdcbc04712aee1108ac7fda236f363274528f78
  sqflite_darwin: 5a7236e3b501866c1c9befc6771dfd73ffb8702d
  url_launcher_ios: 5334b05cef931de560670eeae103fd3e431ac3fe

PODFILE CHECKSUM: 1dbc0c4789d513eae3399a1ecd69ea5f0a84d9c7

COCOAPODS: 1.16.2
